
Microsoft Visual Studio Solution File, Format Version 12.00
# Visual Studio Version 16
VisualStudioVersion = 16.0.28922.388
MinimumVisualStudioVersion = 10.0.40219.1
Project("{F184B08F-C81C-45F6-A57F-5ABD9991F28F}") = "Variables_Consola", "Variables_Consola\Variables_Consola.vbproj", "{54D40378-C2B1-4344-B3F0-51C80DF5F58B}"
EndProject
Project("{F184B08F-C81C-45F6-A57F-5ABD9991F28F}") = "Variables_Tipos", "Variables_Tipos\Variables_Tipos.vbproj", "{640973A8-9D39-4D0A-BB63-743D582FEBCC}"
EndProject
Global
	GlobalSection(SolutionConfigurationPlatforms) = preSolution
		Debug|Any CPU = Debug|Any CPU
		Release|Any CPU = Release|Any CPU
	EndGlobalSection
	GlobalSection(ProjectConfigurationPlatforms) = postSolution
		{54D40378-C2B1-4344-B3F0-51C80DF5F58B}.Debug|Any CPU.ActiveCfg = Debug|Any CPU
		{54D40378-C2B1-4344-B3F0-51C80DF5F58B}.Debug|Any CPU.Build.0 = Debug|Any CPU
		{54D40378-C2B1-4344-B3F0-51C80DF5F58B}.Release|Any CPU.ActiveCfg = Release|Any CPU
		{54D40378-C2B1-4344-B3F0-51C80DF5F58B}.Release|Any CPU.Build.0 = Release|Any CPU
		{640973A8-9D39-4D0A-BB63-743D582FEBCC}.Debug|Any CPU.ActiveCfg = Debug|Any CPU
		{640973A8-9D39-4D0A-BB63-743D582FEBCC}.Debug|Any CPU.Build.0 = Debug|Any CPU
		{640973A8-9D39-4D0A-BB63-743D582FEBCC}.Release|Any CPU.ActiveCfg = Release|Any CPU
		{640973A8-9D39-4D0A-BB63-743D582FEBCC}.Release|Any CPU.Build.0 = Release|Any CPU
	EndGlobalSection
	GlobalSection(SolutionProperties) = preSolution
		HideSolutionNode = FALSE
	EndGlobalSection
	GlobalSection(ExtensibilityGlobals) = postSolution
		SolutionGuid = {65A463BC-4B6A-4ABC-97A6-656ACACA5B5C}
	EndGlobalSection
EndGlobal
